
Microsoft Visual Studio Solution File, Format Version 12.00
# Visual Studio Version 17
VisualStudioVersion = 17.5.002.0
MinimumVisualStudioVersion = 10.0.40219.1
Project("{9A19103F-16F7-4668-BE54-9A1E7A4F7556}") = "careers-service", "careers-service.csproj", "{495E37E2-94EB-43F3-89A8-F73A796DDEBA}"
EndProject
Global
	GlobalSection(SolutionConfigurationPlatforms) = preSolution
		Debug|Any CPU = Debug|Any CPU
		Release|Any CPU = Release|Any CPU
	EndGlobalSection
	GlobalSection(ProjectConfigurationPlatforms) = postSolution
		{495E37E2-94EB-43F3-89A8-F73A796DDEBA}.Debug|Any CPU.ActiveCfg = Debug|Any CPU
		{495E37E2-94EB-43F3-89A8-F73A796DDEBA}.Debug|Any CPU.Build.0 = Debug|Any CPU
		{495E37E2-94EB-43F3-89A8-F73A796DDEBA}.Release|Any CPU.ActiveCfg = Release|Any CPU
		{495E37E2-94EB-43F3-89A8-F73A796DDEBA}.Release|Any CPU.Build.0 = Release|Any CPU
	EndGlobalSection
	GlobalSection(SolutionProperties) = preSolution
		HideSolutionNode = FALSE
	EndGlobalSection
	GlobalSection(ExtensibilityGlobals) = postSolution
		SolutionGuid = {085CBC50-827F-41A3-B762-6E3C2BC45596}
	EndGlobalSection
EndGlobal
